
Microsoft Visual Studio Solution File, Format Version 12.00
# Visual Studio Version 17
VisualStudioVersion = 17.0.31919.166
MinimumVisualStudioVersion = 10.0.40219.1
Project("{FAE04EC0-301F-11D3-BF4B-00C04F79EFBC}") = "Logger", "Logger\Logger.csproj", "{79FE77F4-3B89-4E61-A1EF-375F9F5422BD}"
EndProject
Global
	GlobalSection(SolutionConfigurationPlatforms) = preSolution
		Debug|Any CPU = Debug|Any CPU
		Release|Any CPU = Release|Any CPU
	EndGlobalSection
	GlobalSection(ProjectConfigurationPlatforms) = postSolution
		{79FE77F4-3B89-4E61-A1EF-375F9F5422BD}.Debug|Any CPU.ActiveCfg = Debug|Any CPU
		{79FE77F4-3B89-4E61-A1EF-375F9F5422BD}.Debug|Any CPU.Build.0 = Debug|Any CPU
		{79FE77F4-3B89-4E61-A1EF-375F9F5422BD}.Release|Any CPU.ActiveCfg = Release|Any CPU
		{79FE77F4-3B89-4E61-A1EF-375F9F5422BD}.Release|Any CPU.Build.0 = Release|Any CPU
	EndGlobalSection
	GlobalSection(SolutionProperties) = preSolution
		HideSolutionNode = FALSE
	EndGlobalSection
	GlobalSection(ExtensibilityGlobals) = postSolution
		SolutionGuid = {6B94002C-1E3B-496A-B1D5-A09FB2C3C90A}
	EndGlobalSection
EndGlobal
